
Microsoft Visual Studio Solution File, Format Version 12.00
# Visual Studio 2012
Project("{FAE04EC0-301F-11D3-BF4B-00C04F79EFBC}") = "WindowsFormsInteracao", "WindowsFormsInteracao\WindowsFormsInteracao.csproj", "{CD0D88CD-DAD2-4748-8147-409C599D0DC3}"
EndProject
Global
	GlobalSection(SolutionConfigurationPlatforms) = preSolution
		Debug|Any CPU = Debug|Any CPU
		Release|Any CPU = Release|Any CPU
	EndGlobalSection
	GlobalSection(ProjectConfigurationPlatforms) = postSolution
		{CD0D88CD-DAD2-4748-8147-409C599D0DC3}.Debug|Any CPU.ActiveCfg = Debug|Any CPU
		{CD0D88CD-DAD2-4748-8147-409C599D0DC3}.Debug|Any CPU.Build.0 = Debug|Any CPU
		{CD0D88CD-DAD2-4748-8147-409C599D0DC3}.Release|Any CPU.ActiveCfg = Release|Any CPU
		{CD0D88CD-DAD2-4748-8147-409C599D0DC3}.Release|Any CPU.Build.0 = Release|Any CPU
	EndGlobalSection
	GlobalSection(SolutionProperties) = preSolution
		HideSolutionNode = FALSE
	EndGlobalSection
EndGlobal
